
Microsoft Visual Studio Solution File, Format Version 12.00
# Visual Studio Version 17
VisualStudioVersion = 17.5.33530.505
MinimumVisualStudioVersion = 10.0.40219.1
Project("{9A19103F-16F7-4668-BE54-9A1E7A4F7556}") = "KUSYS-Demo.Infastructure", "KUSYS-Demo.Infastructure\KUSYS-Demo.Infastructure.csproj", "{63E0D8EC-77F1-4BC8-9342-6C73BD216497}"
EndProject
Project("{9A19103F-16F7-4668-BE54-9A1E7A4F7556}") = "KUSYS-Demo.Web", "KUSYS-Demo.Web\KUSYS-Demo.Web.csproj", "{CF0F6D1A-656D-4809-BD2D-29B4A909502A}"
EndProject
Project("{9A19103F-16F7-4668-BE54-9A1E7A4F7556}") = "KUSYS-Demo.Services", "KUSYS-Demo.Services\KUSYS-Demo.Services.csproj", "{9B733507-477D-417A-9AB1-0742BC305AB3}"
EndProject
Project("{9A19103F-16F7-4668-BE54-9A1E7A4F7556}") = "KUSYS-Demo.Core", "KUSYS-Demo.Core\KUSYS-Demo.Core.csproj", "{C4403FCF-4194-4942-B5EF-1F6670572321}"
EndProject
Global
	GlobalSection(SolutionConfigurationPlatforms) = preSolution
		Debug|Any CPU = Debug|Any CPU
		Release|Any CPU = Release|Any CPU
	EndGlobalSection
	GlobalSection(ProjectConfigurationPlatforms) = postSolution
		{63E0D8EC-77F1-4BC8-9342-6C73BD216497}.Debug|Any CPU.ActiveCfg = Debug|Any CPU
		{63E0D8EC-77F1-4BC8-9342-6C73BD216497}.Debug|Any CPU.Build.0 = Debug|Any CPU
		{63E0D8EC-77F1-4BC8-9342-6C73BD216497}.Release|Any CPU.ActiveCfg = Release|Any CPU
		{63E0D8EC-77F1-4BC8-9342-6C73BD216497}.Release|Any CPU.Build.0 = Release|Any CPU
		{CF0F6D1A-656D-4809-BD2D-29B4A909502A}.Debug|Any CPU.ActiveCfg = Debug|Any CPU
		{CF0F6D1A-656D-4809-BD2D-29B4A909502A}.Debug|Any CPU.Build.0 = Debug|Any CPU
		{CF0F6D1A-656D-4809-BD2D-29B4A909502A}.Release|Any CPU.ActiveCfg = Release|Any CPU
		{CF0F6D1A-656D-4809-BD2D-29B4A909502A}.Release|Any CPU.Build.0 = Release|Any CPU
		{9B733507-477D-417A-9AB1-0742BC305AB3}.Debug|Any CPU.ActiveCfg = Debug|Any CPU
		{9B733507-477D-417A-9AB1-0742BC305AB3}.Debug|Any CPU.Build.0 = Debug|Any CPU
		{9B733507-477D-417A-9AB1-0742BC305AB3}.Release|Any CPU.ActiveCfg = Release|Any CPU
		{9B733507-477D-417A-9AB1-0742BC305AB3}.Release|Any CPU.Build.0 = Release|Any CPU
		{C4403FCF-4194-4942-B5EF-1F6670572321}.Debug|Any CPU.ActiveCfg = Debug|Any CPU
		{C4403FCF-4194-4942-B5EF-1F6670572321}.Debug|Any CPU.Build.0 = Debug|Any CPU
		{C4403FCF-4194-4942-B5EF-1F6670572321}.Release|Any CPU.ActiveCfg = Release|Any CPU
		{C4403FCF-4194-4942-B5EF-1F6670572321}.Release|Any CPU.Build.0 = Release|Any CPU
	EndGlobalSection
	GlobalSection(SolutionProperties) = preSolution
		HideSolutionNode = FALSE
	EndGlobalSection
	GlobalSection(ExtensibilityGlobals) = postSolution
		SolutionGuid = {8F870E2B-8D56-4528-A165-075775F92B30}
	EndGlobalSection
EndGlobal
